// !$*UTF8*$!
{
	archiveVersion = 1;
	classes = {
	};
	objectVersion = 46;
	objects = {

/* Begin PBXBuildFile section */
		2125D38B1E02B98900AFFEC5 /* AppDelegate.swift in Sources */ = {isa = PBXBuildFile; fileRef = 2125D38A1E02B98900AFFEC5 /* AppDelegate.swift */; };
		2125D38D1E02B98900AFFEC5 /* GameScene.sks in Resources */ = {isa = PBXBuildFile; fileRef = 2125D38C1E02B98900AFFEC5 /* GameScene.sks */; };
		2125D38F1E02B98900AFFEC5 /* Actions.sks in Resources */ = {isa = PBXBuildFile; fileRef = 2125D38E1E02B98900AFFEC5 /* Actions.sks */; };
		2125D3911E02B98900AFFEC5 /* GameScene.swift in Sources */ = {isa = PBXBuildFile; fileRef = 2125D3901E02B98900AFFEC5 /* GameScene.swift */; };
		2125D3931E02B98900AFFEC5 /* GameViewController.swift in Sources */ = {isa = PBXBuildFile; fileRef = 2125D3921E02B98900AFFEC5 /* GameViewController.swift */; };
		2125D3961E02B98900AFFEC5 /* Main.storyboard in Resources */ = {isa = PBXBuildFile; fileRef = 2125D3941E02B98900AFFEC5 /* Main.storyboard */; };
		2125D3981E02B98900AFFEC5 /* Assets.xcassets in Resources */ = {isa = PBXBuildFile; fileRef = 2125D3971E02B98900AFFEC5 /* Assets.xcassets */; };
		2125D39B1E02B98900AFFEC5 /* LaunchScreen.storyboard in Resources */ = {isa = PBXBuildFile; fileRef = 2125D3991E02B98900AFFEC5 /* LaunchScreen.storyboard */; };
		2125D3A31E02BEE900AFFEC5 /* utility.swift in Sources */ = {isa = PBXBuildFile; fileRef = 2125D3A21E02BEE900AFFEC5 /* utility.swift */; };
		2125D3A51E02C0FD00AFFEC5 /* TreeNRock.swift in Sources */ = {isa = PBXBuildFile; fileRef = 2125D3A41E02C0FD00AFFEC5 /* TreeNRock.swift */; };
		2125D3A71E02E7FB00AFFEC5 /* victory.wav in Resources */ = {isa = PBXBuildFile; fileRef = 2125D3A61E02E7FB00AFFEC5 /* victory.wav */; };
		2125D3A91E02EDDF00AFFEC5 /* dead.wav in Resources */ = {isa = PBXBuildFile; fileRef = 2125D3A81E02EDDF00AFFEC5 /* dead.wav */; };
		2125D3AB1E03C84000AFFEC5 /* Frantic-Gameplay.mp3 in Resources */ = {isa = PBXBuildFile; fileRef = 2125D3AA1E03C84000AFFEC5 /* Frantic-Gameplay.mp3 */; };
		218F33CD1E03D003005A0D5D /* 170147__timgormly__8-bit-coin.aiff in Resources */ = {isa = PBXBuildFile; fileRef = 218F33CC1E03D003005A0D5D /* 170147__timgormly__8-bit-coin.aiff */; };
		218F33CF1E03D153005A0D5D /* point.mp3 in Resources */ = {isa = PBXBuildFile; fileRef = 218F33CE1E03D153005A0D5D /* point.mp3 */; };
		218F33D31E03E146005A0D5D /* Menu.sks in Resources */ = {isa = PBXBuildFile; fileRef = 218F33D21E03E146005A0D5D /* Menu.sks */; };
		218F33D51E03E951005A0D5D /* Menu.swift in Sources */ = {isa = PBXBuildFile; fileRef = 218F33D41E03E951005A0D5D /* Menu.swift */; };
		21A659511E0AE67800819FC9 /* GoogleMobileAds.framework in Frameworks */ = {isa = PBXBuildFile; fileRef = 21A659501E0AE67800819FC9 /* GoogleMobileAds.framework */; };
		21A659541E0AE6D700819FC9 /* AdSupport.framework in Frameworks */ = {isa = PBXBuildFile; fileRef = 21A659531E0AE6D700819FC9 /* AdSupport.framework */; };
		21A659561E0AE6DD00819FC9 /* AudioToolbox.framework in Frameworks */ = {isa = PBXBuildFile; fileRef = 21A659551E0AE6DD00819FC9 /* AudioToolbox.framework */; };
		21A659581E0AE6ED00819FC9 /* AVFoundation.framework in Frameworks */ = {isa = PBXBuildFile; fileRef = 21A659571E0AE6ED00819FC9 /* AVFoundation.framework */; };
		21A6595A1E0AE70000819FC9 /* CoreGraphics.framework in Frameworks */ = {isa = PBXBuildFile; fileRef = 21A659591E0AE70000819FC9 /* CoreGraphics.framework */; };
		21A6595C1E0AE70600819FC9 /* CoreMedia.framework in Frameworks */ = {isa = PBXBuildFile; fileRef = 21A6595B1E0AE70600819FC9 /* CoreMedia.framework */; };
		21A6595E1E0AE70D00819FC9 /* CoreTelephony.framework in Frameworks */ = {isa = PBXBuildFile; fileRef = 21A6595D1E0AE70D00819FC9 /* CoreTelephony.framework */; };
		21A659601E0AE72400819FC9 /* MessageUI.framework in Frameworks */ = {isa = PBXBuildFile; fileRef = 21A6595F1E0AE72400819FC9 /* MessageUI.framework */; };
		21A659621E0AE72A00819FC9 /* StoreKit.framework in Frameworks */ = {isa = PBXBuildFile; fileRef = 21A659611E0AE72A00819FC9 /* StoreKit.framework */; };
		21A659641E0AE74300819FC9 /* MediaPlayer.framework in Frameworks */ = {isa = PBXBuildFile; fileRef = 21A659631E0AE74300819FC9 /* MediaPlayer.framework */; };
		21A659671E0AE74A00819FC9 /* EventKit.framework in Frameworks */ = {isa = PBXBuildFile; fileRef = 21A659651E0AE74A00819FC9 /* EventKit.framework */; };
		21A659681E0AE74A00819FC9 /* EventKitUI.framework in Frameworks */ = {isa = PBXBuildFile; fileRef = 21A659661E0AE74A00819FC9 /* EventKitUI.framework */; };
		21A6596A1E0AE75B00819FC9 /* SystemConfiguration.framework in Frameworks */ = {isa = PBXBuildFile; fileRef = 21A659691E0AE75B00819FC9 /* SystemConfiguration.framework */; };
		21ED3F411E08373B008BA246 /* destination-01.mp3 in Resources */ = {isa = PBXBuildFile; fileRef = 21ED3F401E08373B008BA246 /* destination-01.mp3 */; };
		21ED3F451E0911D3008BA246 /* menuSelect.mp3 in Resources */ = {isa = PBXBuildFile; fileRef = 21ED3F441E0911D3008BA246 /* menuSelect.mp3 */; };
		21ED3F471E091248008BA246 /* Race Car Sound Effect.mp3 in Resources */ = {isa = PBXBuildFile; fileRef = 21ED3F461E091248008BA246 /* Race Car Sound Effect.mp3 */; };
		21ED3F4B1E0934FE008BA246 /* Gaitera_Ball-demo-FFP.otf in Resources */ = {isa = PBXBuildFile; fileRef = 21ED3F4A1E0934FE008BA246 /* Gaitera_Ball-demo-FFP.otf */; };
		21ED3F4D1E09365E008BA246 /* Aero Matics Bold Italic.ttf in Resources */ = {isa = PBXBuildFile; fileRef = 21ED3F4C1E09365E008BA246 /* Aero Matics Bold Italic.ttf */; };
/* End PBXBuildFile section */

/* Begin PBXFileReference section */
		2125D3871E02B98900AFFEC5 /* TapCars.app */ = {isa = PBXFileReference; explicitFileType = wrapper.application; includeInIndex = 0; path = TapCars.app; sourceTree = BUILT_PRODUCTS_DIR; };
		2125D38A1E02B98900AFFEC5 /* AppDelegate.swift */ = {isa = PBXFileReference; lastKnownFileType = sourcecode.swift; path = AppDelegate.swift; sourceTree = "<group>"; };
		2125D38C1E02B98900AFFEC5 /* GameScene.sks */ = {isa = PBXFileReference; lastKnownFileType = file.sks; path = GameScene.sks; sourceTree = "<group>"; };
		2125D38E1E02B98900AFFEC5 /* Actions.sks */ = {isa = PBXFileReference; lastKnownFileType = file.sks; path = Actions.sks; sourceTree = "<group>"; };
		2125D3901E02B98900AFFEC5 /* GameScene.swift */ = {isa = PBXFileReference; lastKnownFileType = sourcecode.swift; path = GameScene.swift; sourceTree = "<group>"; };
		2125D3921E02B98900AFFEC5 /* GameViewController.swift */ = {isa = PBXFileReference; lastKnownFileType = sourcecode.swift; path = GameViewController.swift; sourceTree = "<group>"; };
		2125D3951E02B98900AFFEC5 /* Base */ = {isa = PBXFileReference; lastKnownFileType = file.storyboard; name = Base; path = Base.lproj/Main.storyboard; sourceTree = "<group>"; };
		2125D3971E02B98900AFFEC5 /* Assets.xcassets */ = {isa = PBXFileReference; lastKnownFileType = folder.assetcatalog; path = Assets.xcassets; sourceTree = "<group>"; };
		2125D39A1E02B98900AFFEC5 /* Base */ = {isa = PBXFileReference; lastKnownFileType = file.storyboard; name = Base; path = Base.lproj/LaunchScreen.storyboard; sourceTree = "<group>"; };
		2125D39C1E02B98900AFFEC5 /* Info.plist */ = {isa = PBXFileReference; lastKnownFileType = text.plist.xml; path = Info.plist; sourceTree = "<group>"; };
		2125D3A21E02BEE900AFFEC5 /* utility.swift */ = {isa = PBXFileReference; fileEncoding = 4; lastKnownFileType = sourcecode.swift; path = utility.swift; sourceTree = "<group>"; };
		2125D3A41E02C0FD00AFFEC5 /* TreeNRock.swift */ = {isa = PBXFileReference; fileEncoding = 4; lastKnownFileType = sourcecode.swift; path = TreeNRock.swift; sourceTree = "<group>"; };
		2125D3A61E02E7FB00AFFEC5 /* victory.wav */ = {isa = PBXFileReference; lastKnownFileType = audio.wav; path = victory.wav; sourceTree = "<group>"; };
		2125D3A81E02EDDF00AFFEC5 /* dead.wav */ = {isa = PBXFileReference; lastKnownFileType = audio.wav; path = dead.wav; sourceTree = "<group>"; };
		2125D3AA1E03C84000AFFEC5 /* Frantic-Gameplay.mp3 */ = {isa = PBXFileReference; lastKnownFileType = audio.mp3; path = "Frantic-Gameplay.mp3"; sourceTree = "<group>"; };
		218F33CC1E03D003005A0D5D /* 170147__timgormly__8-bit-coin.aiff */ = {isa = PBXFileReference; lastKnownFileType = audio.aiff; path = "170147__timgormly__8-bit-coin.aiff"; sourceTree = "<group>"; };
		218F33CE1E03D153005A0D5D /* point.mp3 */ = {isa = PBXFileReference; lastKnownFileType = audio.mp3; path = point.mp3; sourceTree = "<group>"; };
		218F33D21E03E146005A0D5D /* Menu.sks */ = {isa = PBXFileReference; lastKnownFileType = file.sks; path = Menu.sks; sourceTree = "<group>"; };
		218F33D41E03E951005A0D5D /* Menu.swift */ = {isa = PBXFileReference; fileEncoding = 4; lastKnownFileType = sourcecode.swift; path = Menu.swift; sourceTree = "<group>"; };
		21A659501E0AE67800819FC9 /* GoogleMobileAds.framework */ = {isa = PBXFileReference; lastKnownFileType = wrapper.framework; path = GoogleMobileAds.framework; sourceTree = "<group>"; };
		21A659531E0AE6D700819FC9 /* AdSupport.framework */ = {isa = PBXFileReference; lastKnownFileType = wrapper.framework; name = AdSupport.framework; path = System/Library/Frameworks/AdSupport.framework; sourceTree = SDKROOT; };
		21A659551E0AE6DD00819FC9 /* AudioToolbox.framework */ = {isa = PBXFileReference; lastKnownFileType = wrapper.framework; name = AudioToolbox.framework; path = System/Library/Frameworks/AudioToolbox.framework; sourceTree = SDKROOT; };
		21A659571E0AE6ED00819FC9 /* AVFoundation.framework */ = {isa = PBXFileReference; lastKnownFileType = wrapper.framework; name = AVFoundation.framework; path = System/Library/Frameworks/AVFoundation.framework; sourceTree = SDKROOT; };
		21A659591E0AE70000819FC9 /* CoreGraphics.framework */ = {isa = PBXFileReference; lastKnownFileType = wrapper.framework; name = CoreGraphics.framework; path = System/Library/Frameworks/CoreGraphics.framework; sourceTree = SDKROOT; };
		21A6595B1E0AE70600819FC9 /* CoreMedia.framework */ = {isa = PBXFileReference; lastKnownFileType = wrapper.framework; name = CoreMedia.framework; path = System/Library/Frameworks/CoreMedia.framework; sourceTree = SDKROOT; };
		21A6595D1E0AE70D00819FC9 /* CoreTelephony.framework */ = {isa = PBXFileReference; lastKnownFileType = wrapper.framework; name = CoreTelephony.framework; path = System/Library/Frameworks/CoreTelephony.framework; sourceTree = SDKROOT; };
		21A6595F1E0AE72400819FC9 /* MessageUI.framework */ = {isa = PBXFileReference; lastKnownFileType = wrapper.framework; name = MessageUI.framework; path = System/Library/Frameworks/MessageUI.framework; sourceTree = SDKROOT; };
		21A659611E0AE72A00819FC9 /* StoreKit.framework */ = {isa = PBXFileReference; lastKnownFileType = wrapper.framework; name = StoreKit.framework; path = System/Library/Frameworks/StoreKit.framework; sourceTree = SDKROOT; };
		21A659631E0AE74300819FC9 /* MediaPlayer.framework */ = {isa = PBXFileReference; lastKnownFileType = wrapper.framework; name = MediaPlayer.framework; path = System/Library/Frameworks/MediaPlayer.framework; sourceTree = SDKROOT; };
		21A659651E0AE74A00819FC9 /* EventKit.framework */ = {isa = PBXFileReference; lastKnownFileType = wrapper.framework; name = EventKit.framework; path = System/Library/Frameworks/EventKit.framework; sourceTree = SDKROOT; };
		21A659661E0AE74A00819FC9 /* EventKitUI.framework */ = {isa = PBXFileReference; lastKnownFileType = wrapper.framework; name = EventKitUI.framework; path = System/Library/Frameworks/EventKitUI.framework; sourceTree = SDKROOT; };
		21A659691E0AE75B00819FC9 /* SystemConfiguration.framework */ = {isa = PBXFileReference; lastKnownFileType = wrapper.framework; name = SystemConfiguration.framework; path = System/Library/Frameworks/SystemConfiguration.framework; sourceTree = SDKROOT; };
		21ED3F401E08373B008BA246 /* destination-01.mp3 */ = {isa = PBXFileReference; lastKnownFileType = audio.mp3; path = "destination-01.mp3"; sourceTree = "<group>"; };
		21ED3F441E0911D3008BA246 /* menuSelect.mp3 */ = {isa = PBXFileReference; lastKnownFileType = audio.mp3; path = menuSelect.mp3; sourceTree = "<group>"; };
		21ED3F461E091248008BA246 /* Race Car Sound Effect.mp3 */ = {isa = PBXFileReference; lastKnownFileType = audio.mp3; path = "Race Car Sound Effect.mp3"; sourceTree = "<group>"; };
		21ED3F4A1E0934FE008BA246 /* Gaitera_Ball-demo-FFP.otf */ = {isa = PBXFileReference; lastKnownFileType = file; path = "Gaitera_Ball-demo-FFP.otf"; sourceTree = "<group>"; };
		21ED3F4C1E09365E008BA246 /* Aero Matics Bold Italic.ttf */ = {isa = PBXFileReference; lastKnownFileType = file; path = "Aero Matics Bold Italic.ttf"; sourceTree = "<group>"; };
/* End PBXFileReference section */

/* Begin PBXFrameworksBuildPhase section */
		2125D3841E02B98900AFFEC5 /* Frameworks */ = {
			isa = PBXFrameworksBuildPhase;
			buildActionMask = 2147483647;
			files = (
				21A6596A1E0AE75B00819FC9 /* SystemConfiguration.framework in Frameworks */,
				21A659671E0AE74A00819FC9 /* EventKit.framework in Frameworks */,
				21A659681E0AE74A00819FC9 /* EventKitUI.framework in Frameworks */,
				21A659641E0AE74300819FC9 /* MediaPlayer.framework in Frameworks */,
				21A659621E0AE72A00819FC9 /* StoreKit.framework in Frameworks */,
				21A659601E0AE72400819FC9 /* MessageUI.framework in Frameworks */,
				21A6595E1E0AE70D00819FC9 /* CoreTelephony.framework in Frameworks */,
				21A6595C1E0AE70600819FC9 /* CoreMedia.framework in Frameworks */,
				21A6595A1E0AE70000819FC9 /* CoreGraphics.framework in Frameworks */,
				21A659581E0AE6ED00819FC9 /* AVFoundation.framework in Frameworks */,
				21A659561E0AE6DD00819FC9 /* AudioToolbox.framework in Frameworks */,
				21A659541E0AE6D700819FC9 /* AdSupport.framework in Frameworks */,
				21A659511E0AE67800819FC9 /* GoogleMobileAds.framework in Frameworks */,
			);
			runOnlyForDeploymentPostprocessing = 0;
		};
/* End PBXFrameworksBuildPhase section */

/* Begin PBXGroup section */
		2125D37E1E02B98900AFFEC5 = {
			isa = PBXGroup;
			children = (
				2125D3891E02B98900AFFEC5 /* TapCars */,
				2125D3881E02B98900AFFEC5 /* Products */,
				21A659521E0AE6D600819FC9 /* Frameworks */,
			);
			sourceTree = "<group>";
		};
		2125D3881E02B98900AFFEC5 /* Products */ = {
			isa = PBXGroup;
			children = (
				2125D3871E02B98900AFFEC5 /* TapCars.app */,
			);
			name = Products;
			sourceTree = "<group>";
		};
		2125D3891E02B98900AFFEC5 /* TapCars */ = {
			isa = PBXGroup;
			children = (
				2125D38A1E02B98900AFFEC5 /* AppDelegate.swift */,
				21A6594F1E0AE64300819FC9 /* AdMob */,
				2125D38C1E02B98900AFFEC5 /* GameScene.sks */,
				2125D38E1E02B98900AFFEC5 /* Actions.sks */,
				2125D3901E02B98900AFFEC5 /* GameScene.swift */,
				218F33D41E03E951005A0D5D /* Menu.swift */,
				218F33D21E03E146005A0D5D /* Menu.sks */,
				2125D3A41E02C0FD00AFFEC5 /* TreeNRock.swift */,
				21ED3F4A1E0934FE008BA246 /* Gaitera_Ball-demo-FFP.otf */,
				21ED3F4C1E09365E008BA246 /* Aero Matics Bold Italic.ttf */,
				2125D3921E02B98900AFFEC5 /* GameViewController.swift */,
				2125D3941E02B98900AFFEC5 /* Main.storyboard */,
				2125D3A21E02BEE900AFFEC5 /* utility.swift */,
				2125D3A81E02EDDF00AFFEC5 /* dead.wav */,
				21ED3F401E08373B008BA246 /* destination-01.mp3 */,
				2125D3A61E02E7FB00AFFEC5 /* victory.wav */,
				218F33CC1E03D003005A0D5D /* 170147__timgormly__8-bit-coin.aiff */,
				21ED3F461E091248008BA246 /* Race Car Sound Effect.mp3 */,
				21ED3F441E0911D3008BA246 /* menuSelect.mp3 */,
				2125D3AA1E03C84000AFFEC5 /* Frantic-Gameplay.mp3 */,
				218F33CE1E03D153005A0D5D /* point.mp3 */,
				2125D3971E02B98900AFFEC5 /* Assets.xcassets */,
				2125D3991E02B98900AFFEC5 /* LaunchScreen.storyboard */,
				2125D39C1E02B98900AFFEC5 /* Info.plist */,
			);
			path = TapCars;
			sourceTree = "<group>";
		};
		21A6594F1E0AE64300819FC9 /* AdMob */ = {
			isa = PBXGroup;
			children = (
				21A659501E0AE67800819FC9 /* GoogleMobileAds.framework */,
			);
			name = AdMob;
			sourceTree = "<group>";
		};
		21A659521E0AE6D600819FC9 /* Frameworks */ = {
			isa = PBXGroup;
			children = (
				21A659691E0AE75B00819FC9 /* SystemConfiguration.framework */,
				21A659651E0AE74A00819FC9 /* EventKit.framework */,
				21A659661E0AE74A00819FC9 /* EventKitUI.framework */,
				21A659631E0AE74300819FC9 /* MediaPlayer.framework */,
				21A659611E0AE72A00819FC9 /* StoreKit.framework */,
				21A6595F1E0AE72400819FC9 /* MessageUI.framework */,
				21A6595D1E0AE70D00819FC9 /* CoreTelephony.framework */,
				21A6595B1E0AE70600819FC9 /* CoreMedia.framework */,
				21A659591E0AE70000819FC9 /* CoreGraphics.framework */,
				21A659571E0AE6ED00819FC9 /* AVFoundation.framework */,
				21A659551E0AE6DD00819FC9 /* AudioToolbox.framework */,
				21A659531E0AE6D700819FC9 /* AdSupport.framework */,
			);
			name = Frameworks;
			sourceTree = "<group>";
		};
/* End PBXGroup section */

/* Begin PBXNativeTarget section */
		2125D3861E02B98900AFFEC5 /* TapCars */ = {
			isa = PBXNativeTarget;
			buildConfigurationList = 2125D39F1E02B98900AFFEC5 /* Build configuration list for PBXNativeTarget "TapCars" */;
			buildPhases = (
				2125D3831E02B98900AFFEC5 /* Sources */,
				2125D3841E02B98900AFFEC5 /* Frameworks */,
				2125D3851E02B98900AFFEC5 /* Resources */,
			);
			buildRules = (
			);
			dependencies = (
			);
			name = TapCars;
			productName = TapCars;
			productReference = 2125D3871E02B98900AFFEC5 /* TapCars.app */;
			productType = "com.apple.product-type.application";
		};
/* End PBXNativeTarget section */

/* Begin PBXProject section */
		2125D37F1E02B98900AFFEC5 /* Project object */ = {
			isa = PBXProject;
			attributes = {
				LastSwiftUpdateCheck = 0810;
				LastUpgradeCheck = 0810;
				ORGANIZATIONNAME = "kishan nakum";
				TargetAttributes = {
					2125D3861E02B98900AFFEC5 = {
						CreatedOnToolsVersion = 8.1;
						DevelopmentTeam = D2E64D69SN;
						ProvisioningStyle = Automatic;
					};
				};
			};
			buildConfigurationList = 2125D3821E02B98900AFFEC5 /* Build configuration list for PBXProject "TapCars" */;
			compatibilityVersion = "Xcode 3.2";
			developmentRegion = English;
			hasScannedForEncodings = 0;
			knownRegions = (
				en,
				Base,
			);
			mainGroup = 2125D37E1E02B98900AFFEC5;
			productRefGroup = 2125D3881E02B98900AFFEC5 /* Products */;
			projectDirPath = "";
			projectRoot = "";
			targets = (
				2125D3861E02B98900AFFEC5 /* TapCars */,
			);
		};
/* End PBXProject section */

/* Begin PBXResourcesBuildPhase section */
		2125D3851E02B98900AFFEC5 /* Resources */ = {
			isa = PBXResourcesBuildPhase;
			buildActionMask = 2147483647;
			files = (
				21ED3F411E08373B008BA246 /* destination-01.mp3 in Resources */,
				21ED3F4B1E0934FE008BA246 /* Gaitera_Ball-demo-FFP.otf in Resources */,
				2125D3961E02B98900AFFEC5 /* Main.storyboard in Resources */,
				2125D3A91E02EDDF00AFFEC5 /* dead.wav in Resources */,
				218F33CD1E03D003005A0D5D /* 170147__timgormly__8-bit-coin.aiff in Resources */,
				21ED3F471E091248008BA246 /* Race Car Sound Effect.mp3 in Resources */,
				21ED3F4D1E09365E008BA246 /* Aero Matics Bold Italic.ttf in Resources */,
				2125D38D1E02B98900AFFEC5 /* GameScene.sks in Resources */,
				21ED3F451E0911D3008BA246 /* menuSelect.mp3 in Resources */,
				218F33D31E03E146005A0D5D /* Menu.sks in Resources */,
				2125D3981E02B98900AFFEC5 /* Assets.xcassets in Resources */,
				2125D39B1E02B98900AFFEC5 /* LaunchScreen.storyboard in Resources */,
				2125D38F1E02B98900AFFEC5 /* Actions.sks in Resources */,
				218F33CF1E03D153005A0D5D /* point.mp3 in Resources */,
				2125D3AB1E03C84000AFFEC5 /* Frantic-Gameplay.mp3 in Resources */,
				2125D3A71E02E7FB00AFFEC5 /* victory.wav in Resources */,
			);
			runOnlyForDeploymentPostprocessing = 0;
		};
/* End PBXResourcesBuildPhase section */

/* Begin PBXSourcesBuildPhase section */
		2125D3831E02B98900AFFEC5 /* Sources */ = {
			isa = PBXSourcesBuildPhase;
			buildActionMask = 2147483647;
			files = (
				218F33D51E03E951005A0D5D /* Menu.swift in Sources */,
				2125D3A31E02BEE900AFFEC5 /* utility.swift in Sources */,
				2125D3911E02B98900AFFEC5 /* GameScene.swift in Sources */,
				2125D3A51E02C0FD00AFFEC5 /* TreeNRock.swift in Sources */,
				2125D3931E02B98900AFFEC5 /* GameViewController.swift in Sources */,
				2125D38B1E02B98900AFFEC5 /* AppDelegate.swift in Sources */,
			);
			runOnlyForDeploymentPostprocessing = 0;
		};
/* End PBXSourcesBuildPhase section */

/* Begin PBXVariantGroup section */
		2125D3941E02B98900AFFEC5 /* Main.storyboard */ = {
			isa = PBXVariantGroup;
			children = (
				2125D3951E02B98900AFFEC5 /* Base */,
			);
			name = Main.storyboard;
			sourceTree = "<group>";
		};
		2125D3991E02B98900AFFEC5 /* LaunchScreen.storyboard */ = {
			isa = PBXVariantGroup;
			children = (
				2125D39A1E02B98900AFFEC5 /* Base */,
			);
			name = LaunchScreen.storyboard;
			sourceTree = "<group>";
		};
/* End PBXVariantGroup section */

/* Begin XCBuildConfiguration section */
		2125D39D1E02B98900AFFEC5 /* Debug */ = {
			isa = XCBuildConfiguration;
			buildSettings = {
				ALWAYS_SEARCH_USER_PATHS = NO;
				CLANG_ANALYZER_NONNULL = YES;
				CLANG_CXX_LANGUAGE_STANDARD = "gnu++0x";
				CLANG_CXX_LIBRARY = "libc++";
				CLANG_ENABLE_MODULES = YES;
				CLANG_ENABLE_OBJC_ARC = YES;
				CLANG_WARN_BOOL_CONVERSION = YES;
				CLANG_WARN_CONSTANT_CONVERSION = YES;
				CLANG_WARN_DIRECT_OBJC_ISA_USAGE = YES_ERROR;
				CLANG_WARN_DOCUMENTATION_COMMENTS = YES;
				CLANG_WARN_EMPTY_BODY = YES;
				CLANG_WARN_ENUM_CONVERSION = YES;
				CLANG_WARN_INFINITE_RECURSION = YES;
				CLANG_WARN_INT_CONVERSION = YES;
				CLANG_WARN_OBJC_ROOT_CLASS = YES_ERROR;
				CLANG_WARN_SUSPICIOUS_MOVES = YES;
				CLANG_WARN_UNREACHABLE_CODE = YES;
				CLANG_WARN__DUPLICATE_METHOD_MATCH = YES;
				"CODE_SIGN_IDENTITY[sdk=iphoneos*]" = "iPhone Developer";
				COPY_PHASE_STRIP = NO;
				DEBUG_INFORMATION_FORMAT = dwarf;
				ENABLE_STRICT_OBJC_MSGSEND = YES;
				ENABLE_TESTABILITY = YES;
				GCC_C_LANGUAGE_STANDARD = gnu99;
				GCC_DYNAMIC_NO_PIC = NO;
				GCC_NO_COMMON_BLOCKS = YES;
				GCC_OPTIMIZATION_LEVEL = 0;
				GCC_PREPROCESSOR_DEFINITIONS = (
					"DEBUG=1",
					"$(inherited)",
				);
				GCC_WARN_64_TO_32_BIT_CONVERSION = YES;
				GCC_WARN_ABOUT_RETURN_TYPE = YES_ERROR;
				GCC_WARN_UNDECLARED_SELECTOR = YES;
				GCC_WARN_UNINITIALIZED_AUTOS = YES_AGGRESSIVE;
				GCC_WARN_UNUSED_FUNCTION = YES;
				GCC_WARN_UNUSED_VARIABLE = YES;
				IPHONEOS_DEPLOYMENT_TARGET = 9.0;
				MTL_ENABLE_DEBUG_INFO = YES;
				ONLY_ACTIVE_ARCH = YES;
				SDKROOT = iphoneos;
				SWIFT_ACTIVE_COMPILATION_CONDITIONS = DEBUG;
				SWIFT_OPTIMIZATION_LEVEL = "-Onone";
				TARGETED_DEVICE_FAMILY = "1,2";
			};
			name = Debug;
		};
		2125D39E1E02B98900AFFEC5 /* Release */ = {
			isa = XCBuildConfiguration;
			buildSettings = {
				ALWAYS_SEARCH_USER_PATHS = NO;
				CLANG_ANALYZER_NONNULL = YES;
				CLANG_CXX_LANGUAGE_STANDARD = "gnu++0x";
				CLANG_CXX_LIBRARY = "libc++";
				CLANG_ENABLE_MODULES = YES;
				CLANG_ENABLE_OBJC_ARC = YES;
				CLANG_WARN_BOOL_CONVERSION = YES;
				CLANG_WARN_CONSTANT_CONVERSION = YES;
				CLANG_WARN_DIRECT_OBJC_ISA_USAGE = YES_ERROR;
				CLANG_WARN_DOCUMENTATION_COMMENTS = YES;
				CLANG_WARN_EMPTY_BODY = YES;
				CLANG_WARN_ENUM_CONVERSION = YES;
				CLANG_WARN_INFINITE_RECURSION = YES;
				CLANG_WARN_INT_CONVERSION = YES;
				CLANG_WARN_OBJC_ROOT_CLASS = YES_ERROR;
				CLANG_WARN_SUSPICIOUS_MOVES = YES;
				CLANG_WARN_UNREACHABLE_CODE = YES;
				CLANG_WARN__DUPLICATE_METHOD_MATCH = YES;
				"CODE_SIGN_IDENTITY[sdk=iphoneos*]" = "iPhone Developer";
				COPY_PHASE_STRIP = NO;
				DEBUG_INFORMATION_FORMAT = "dwarf-with-dsym";
				ENABLE_NS_ASSERTIONS = NO;
				ENABLE_STRICT_OBJC_MSGSEND = YES;
				GCC_C_LANGUAGE_STANDARD = gnu99;
				GCC_NO_COMMON_BLOCKS = YES;
				GCC_WARN_64_TO_32_BIT_CONVERSION = YES;
				GCC_WARN_ABOUT_RETURN_TYPE = YES_ERROR;
				GCC_WARN_UNDECLARED_SELECTOR = YES;
				GCC_WARN_UNINITIALIZED_AUTOS = YES_AGGRESSIVE;
				GCC_WARN_UNUSED_FUNCTION = YES;
				GCC_WARN_UNUSED_VARIABLE = YES;
				IPHONEOS_DEPLOYMENT_TARGET = 9.0;
				MTL_ENABLE_DEBUG_INFO = NO;
				SDKROOT = iphoneos;
				SWIFT_OPTIMIZATION_LEVEL = "-Owholemodule";
				TARGETED_DEVICE_FAMILY = "1,2";
				VALIDATE_PRODUCT = YES;
			};
			name = Release;
		};
		2125D3A01E02B98900AFFEC5 /* Debug */ = {
			isa = XCBuildConfiguration;
			buildSettings = {
				ASSETCATALOG_COMPILER_APPICON_NAME = AppIcon;
				DEVELOPMENT_TEAM = D2E64D69SN;
				FRAMEWORK_SEARCH_PATHS = (
					"$(inherited)",
					"$(PROJECT_DIR)/TapCars",
				);
				INFOPLIST_FILE = TapCars/Info.plist;
				IPHONEOS_DEPLOYMENT_TARGET = 9.0;
				LD_RUNPATH_SEARCH_PATHS = "$(inherited) @executable_path/Frameworks";
				PRODUCT_BUNDLE_IDENTIFIER = com.kishan.TapCars;
				PRODUCT_NAME = "$(TARGET_NAME)";
				SWIFT_VERSION = 3.0;
			};
			name = Debug;
		};
		2125D3A11E02B98900AFFEC5 /* Release */ = {
			isa = XCBuildConfiguration;
			buildSettings = {
				ASSETCATALOG_COMPILER_APPICON_NAME = AppIcon;
				DEVELOPMENT_TEAM = D2E64D69SN;
				FRAMEWORK_SEARCH_PATHS = (
					"$(inherited)",
					"$(PROJECT_DIR)/TapCars",
				);
				INFOPLIST_FILE = TapCars/Info.plist;
				IPHONEOS_DEPLOYMENT_TARGET = 9.0;
				LD_RUNPATH_SEARCH_PATHS = "$(inherited) @executable_path/Frameworks";
				PRODUCT_BUNDLE_IDENTIFIER = com.kishan.TapCars;
				PRODUCT_NAME = "$(TARGET_NAME)";
				SWIFT_VERSION = 3.0;
			};
			name = Release;
		};
/* End XCBuildConfiguration section */

/* Begin XCConfigurationList section */
		2125D3821E02B98900AFFEC5 /* Build configuration list for PBXProject "TapCars" */ = {
			isa = XCConfigurationList;
			buildConfigurations = (
				2125D39D1E02B98900AFFEC5 /* Debug */,
				2125D39E1E02B98900AFFEC5 /* Release */,
			);
			defaultConfigurationIsVisible = 0;
			defaultConfigurationName = Release;
		};
		2125D39F1E02B98900AFFEC5 /* Build configuration list for PBXNativeTarget "TapCars" */ = {
			isa = XCConfigurationList;
			buildConfigurations = (
				2125D3A01E02B98900AFFEC5 /* Debug */,
				2125D3A11E02B98900AFFEC5 /* Release */,
			);
			defaultConfigurationIsVisible = 0;
			defaultConfigurationName = Release;
		};
/* End XCConfigurationList section */
	};
	rootObject = 2125D37F1E02B98900AFFEC5 /* Project object */;
}
